Microsoft Visual Studio Solution File, Format Version 11.00
# Visual Studio 2008

Project("{FDED7998-DF18-B364-BB76-7B14C369C96E}") = "Spiders", "Assembly-CSharp-firstpass.csproj", "{95D7ABBE-599A-4517-B573-29E7A29DC5E6}"
EndProject
Project("{FDED7998-DF18-B364-BB76-7B14C369C96E}") = "Spiders", "Assembly-CSharp.csproj", "{821F5997-0FA2-6A61-8365-055F08D1D914}"
EndProject
Project("{FDED7998-DF18-B364-BB76-7B14C369C96E}") = "Spiders", "Assembly-CSharp-Editor.csproj", "{B60ED494-15DA-2B01-2F2A-562D3542B7EF}"
EndProject
Global
	GlobalSection(SolutionConfigurationPlatforms) = preSolution
		Debug|Any CPU = Debug|Any CPU
		Release|Any CPU = Release|Any CPU
	EndGlobalSection
	GlobalSection(ProjectConfigurationPlatforms) = postSolution
		{95D7ABBE-599A-4517-B573-29E7A29DC5E6}.Debug|Any CPU.ActiveCfg = Debug|Any CPU
		{95D7ABBE-599A-4517-B573-29E7A29DC5E6}.Debug|Any CPU.Build.0 = Debug|Any CPU
		{95D7ABBE-599A-4517-B573-29E7A29DC5E6}.Release|Any CPU.ActiveCfg = Release|Any CPU
		{95D7ABBE-599A-4517-B573-29E7A29DC5E6}.Release|Any CPU.Build.0 = Release|Any CPU
		{821F5997-0FA2-6A61-8365-055F08D1D914}.Debug|Any CPU.ActiveCfg = Debug|Any CPU
		{821F5997-0FA2-6A61-8365-055F08D1D914}.Debug|Any CPU.Build.0 = Debug|Any CPU
		{821F5997-0FA2-6A61-8365-055F08D1D914}.Release|Any CPU.ActiveCfg = Release|Any CPU
		{821F5997-0FA2-6A61-8365-055F08D1D914}.Release|Any CPU.Build.0 = Release|Any CPU
		{B60ED494-15DA-2B01-2F2A-562D3542B7EF}.Debug|Any CPU.ActiveCfg = Debug|Any CPU
		{B60ED494-15DA-2B01-2F2A-562D3542B7EF}.Debug|Any CPU.Build.0 = Debug|Any CPU
		{B60ED494-15DA-2B01-2F2A-562D3542B7EF}.Release|Any CPU.ActiveCfg = Release|Any CPU
		{B60ED494-15DA-2B01-2F2A-562D3542B7EF}.Release|Any CPU.Build.0 = Release|Any CPU
	EndGlobalSection
	GlobalSection(SolutionProperties) = preSolution
		HideSolutionNode = FALSE
	EndGlobalSection
	GlobalSection(MonoDevelopProperties) = preSolution
		StartupItem = Assembly-CSharp.csproj
	EndGlobalSection
EndGlobal
