
Microsoft Visual Studio Solution File, Format Version 12.00
# Visual Studio 2015
Project("{FAE04EC0-301F-11D3-BF4B-00C04F79EFBC}") = "Spiders.CSharp.Plugins", "Spiders.CSharp.Plugins.csproj", "{E60AF723-0935-981C-5384-4A0BC2E993F1}"
EndProject
Project("{FAE04EC0-301F-11D3-BF4B-00C04F79EFBC}") = "Spiders.CSharp", "Spiders.CSharp.csproj", "{BBDBB7FF-DF77-F040-1102-3F3D25E930C8}"
EndProject
Project("{FAE04EC0-301F-11D3-BF4B-00C04F79EFBC}") = "Spiders.CSharp.Editor", "Spiders.CSharp.Editor.csproj", "{AFAAD3B2-FA73-1AEE-9289-51D2B6F42D87}"
EndProject
Global
	GlobalSection(SolutionConfigurationPlatforms) = preSolution
		Debug|Any CPU = Debug|Any CPU
		Release|Any CPU = Release|Any CPU
	EndGlobalSection
	GlobalSection(ProjectConfigurationPlatforms) = postSolution
		{E60AF723-0935-981C-5384-4A0BC2E993F1}.Debug|Any CPU.ActiveCfg = Debug|Any CPU
		{E60AF723-0935-981C-5384-4A0BC2E993F1}.Debug|Any CPU.Build.0 = Debug|Any CPU
		{E60AF723-0935-981C-5384-4A0BC2E993F1}.Release|Any CPU.ActiveCfg = Release|Any CPU
		{E60AF723-0935-981C-5384-4A0BC2E993F1}.Release|Any CPU.Build.0 = Release|Any CPU
		{BBDBB7FF-DF77-F040-1102-3F3D25E930C8}.Debug|Any CPU.ActiveCfg = Debug|Any CPU
		{BBDBB7FF-DF77-F040-1102-3F3D25E930C8}.Debug|Any CPU.Build.0 = Debug|Any CPU
		{BBDBB7FF-DF77-F040-1102-3F3D25E930C8}.Release|Any CPU.ActiveCfg = Release|Any CPU
		{BBDBB7FF-DF77-F040-1102-3F3D25E930C8}.Release|Any CPU.Build.0 = Release|Any CPU
		{AFAAD3B2-FA73-1AEE-9289-51D2B6F42D87}.Debug|Any CPU.ActiveCfg = Debug|Any CPU
		{AFAAD3B2-FA73-1AEE-9289-51D2B6F42D87}.Debug|Any CPU.Build.0 = Debug|Any CPU
		{AFAAD3B2-FA73-1AEE-9289-51D2B6F42D87}.Release|Any CPU.ActiveCfg = Release|Any CPU
		{AFAAD3B2-FA73-1AEE-9289-51D2B6F42D87}.Release|Any CPU.Build.0 = Release|Any CPU
	EndGlobalSection
	GlobalSection(SolutionProperties) = preSolution
		HideSolutionNode = FALSE
	EndGlobalSection
EndGlobal
